
Microsoft Visual Studio Solution File, Format Version 12.00
# Visual Studio Version 17
VisualStudioVersion = 17.9.34728.123
MinimumVisualStudioVersion = 10.0.40219.1
Project("{FAE04EC0-301F-11D3-BF4B-00C04F79EFBC}") = "CalculatorApplication", "CalculatorApplication\CalculatorApplication.csproj", "{A70BD1F6-AA63-4CA1-A963-168F6B0199A5}"
EndProject
Global
	GlobalSection(SolutionConfigurationPlatforms) = preSolution
		Debug|Any CPU = Debug|Any CPU
		Release|Any CPU = Release|Any CPU
	EndGlobalSection
	GlobalSection(ProjectConfigurationPlatforms) = postSolution
		{A70BD1F6-AA63-4CA1-A963-168F6B0199A5}.Debug|Any CPU.ActiveCfg = Debug|Any CPU
		{A70BD1F6-AA63-4CA1-A963-168F6B0199A5}.Debug|Any CPU.Build.0 = Debug|Any CPU
		{A70BD1F6-AA63-4CA1-A963-168F6B0199A5}.Release|Any CPU.ActiveCfg = Release|Any CPU
		{A70BD1F6-AA63-4CA1-A963-168F6B0199A5}.Release|Any CPU.Build.0 = Release|Any CPU
	EndGlobalSection
	GlobalSection(SolutionProperties) = preSolution
		HideSolutionNode = FALSE
	EndGlobalSection
	GlobalSection(ExtensibilityGlobals) = postSolution
		SolutionGuid = {45C1F183-85CC-499F-BBF5-79A9342364D4}
	EndGlobalSection
EndGlobal
